<?xml version="1.0" encoding="utf-8"?>
<Project ToolsVersion="4.0" xmlns="http://schemas.microsoft.com/developer/msbuild/2003">
  <ItemGroup>
    <Filter Include="Source Files">
      <UniqueIdentifier>{acdc7156-9be9-412f-b5a3-ce5175b66202}</UniqueIdentifier>
      <Extensions>cpp;c;cxx;rc;def;r;odl;idl;hpj;bat;for;f90</Extensions>
    </Filter>
    <Filter Include="Header Files">
      <UniqueIdentifier>{0e18aa91-0f44-496d-950a-b9304f166806}</UniqueIdentifier>
      <Extensions>h;hpp;hxx;hm;inl;fi;fd</Extensions>
    </Filter>
    <Filter Include="Resource Files">
      <UniqueIdentifier>{42f3555b-8a48-4bc8-8a32-f2fcc39f1f31}</UniqueIdentifier>
      <Extensions>ico;cur;bmp;dlg;rc2;rct;bin;cnt;rtf;gif;jpg;jpeg;jpe</Extensions>
    </Filter>
  </ItemGroup>
  <ItemGroup>
    <ClCompile Include="bot.cpp">
      <Filter>Source Files</Filter>
    </ClCompile>
    <ClCompile Include="bot_client.cpp">
      <Filter>Source Files</Filter>
    </ClCompile>
    <ClCompile Include="bot_combat.cpp">
      <Filter>Source Files</Filter>
    </ClCompile>
    <ClCompile Include="bot_navigate.cpp">
      <Filter>Source Files</Filter>
    </ClCompile>
    <ClCompile Include="bot_start.cpp">
      <Filter>Source Files</Filter>
    </ClCompile>
    <ClCompile Include="botcam.cpp">
      <Filter>Source Files</Filter>
    </ClCompile>
    <ClCompile Include="dll.cpp">
      <Filter>Source Files</Filter>
    </ClCompile>
    <ClCompile Include="engine.cpp">
      <Filter>Source Files</Filter>
    </ClCompile>
    <ClCompile Include="h_export.cpp">
      <Filter>Source Files</Filter>
    </ClCompile>
    <ClCompile Include="linkfunc.cpp">
      <Filter>Source Files</Filter>
    </ClCompile>
    <ClCompile Include="meta_api.cpp">
      <Filter>Source Files</Filter>
    </ClCompile>
    <ClCompile Include="sdk_util.cpp">
      <Filter>Source Files</Filter>
    </ClCompile>
    <ClCompile Include="util.cpp">
      <Filter>Source Files</Filter>
    </ClCompile>
    <ClCompile Include="waypoint.cpp">
      <Filter>Source Files</Filter>
    </ClCompile>
    <ClCompile Include="bot_job_assessors.cpp">
      <Filter>Source Files</Filter>
    </ClCompile>
    <ClCompile Include="bot_job_functions.cpp">
      <Filter>Source Files</Filter>
    </ClCompile>
    <ClCompile Include="bot_job_think.cpp">
      <Filter>Source Files</Filter>
    </ClCompile>
  </ItemGroup>
  <ItemGroup>
    <ClInclude Include="bot.h">
      <Filter>Header Files</Filter>
    </ClInclude>
    <ClInclude Include="bot_client.h">
      <Filter>Header Files</Filter>
    </ClInclude>
    <ClInclude Include="bot_func.h">
      <Filter>Header Files</Filter>
    </ClInclude>
    <ClInclude Include="waypoint.h">
      <Filter>Header Files</Filter>
    </ClInclude>
    <ClInclude Include="bot_job_assessors.h">
      <Filter>Header Files</Filter>
    </ClInclude>
    <ClInclude Include="bot_job_functions.h">
      <Filter>Header Files</Filter>
    </ClInclude>
    <ClInclude Include="bot_job_think.h">
      <Filter>Header Files</Filter>
    </ClInclude>
    <ClInclude Include="bot_navigate.h">
      <Filter>Header Files</Filter>
    </ClInclude>
    <ClInclude Include="bot_weapons.h">
      <Filter>Header Files</Filter>
    </ClInclude>
    <ClInclude Include="botcam.h">
      <Filter>Header Files</Filter>
    </ClInclude>
    <ClInclude Include="engine.h">
      <Filter>Header Files</Filter>
    </ClInclude>
    <ClInclude Include="extdll.h">
      <Filter>Header Files</Filter>
    </ClInclude>
    <ClInclude Include="foxbot_private.h">
      <Filter>Header Files</Filter>
    </ClInclude>
    <ClInclude Include="list.h">
      <Filter>Header Files</Filter>
    </ClInclude>
    <ClInclude Include="osdep.h">
      <Filter>Header Files</Filter>
    </ClInclude>
    <ClInclude Include="player.h">
      <Filter>Header Files</Filter>
    </ClInclude>
    <ClInclude Include="resource.h">
      <Filter>Header Files</Filter>
    </ClInclude>
    <ClInclude Include="sdk_util.h">
      <Filter>Header Files</Filter>
    </ClInclude>
    <ClInclude Include="vector.h">
      <Filter>Header Files</Filter>
    </ClInclude>
    <ClInclude Include="vers_fox.h">
      <Filter>Header Files</Filter>
    </ClInclude>
    <ClInclude Include="version.h">
      <Filter>Header Files</Filter>
    </ClInclude>
  </ItemGroup>
  <ItemGroup>
    <None Include="THINGSTODO.txt">
      <Filter>Resource Files</Filter>
    </None>
    <None Include="VTune\FoXBot.vpj" />
  </ItemGroup>
  <ItemGroup>
    <ResourceCompile Include="res_fox.rc">
      <Filter>Resource Files</Filter>
    </ResourceCompile>
  </ItemGroup>
</Project>